{
  "name": "lip-sync-api",
  "version": "0.0.0",
  "lockfileVersion": 1,
  "requires": true,
  "dependencies": {
    "node-lame": {
      "version": "1.0.6",
      "resolved": "https://registry.npmjs.org/node-lame/-/node-lame-1.0.6.tgz",
      "integrity": "sha1-ZeRwz5pdo6GFzOhLx/aO2DcsDYU="
    }
  }
}
